
Microsoft Visual Studio Solution File, Format Version 12.00
# Visual Studio Version 16
VisualStudioVersion = 16.0.30804.86
MinimumVisualStudioVersion = 10.0.40219.1
Project("{9A19103F-16F7-4668-BE54-9A1E7A4F7556}") = "MediaManager.Domains", "MediaManager.Domains\MediaManager.Domains.csproj", "{33AD544F-AE7E-4B6E-A314-58AE683122F1}"
EndProject
Project("{9A19103F-16F7-4668-BE54-9A1E7A4F7556}") = "MediaManager.EF", "MediaManager.EF\MediaManager.EF.csproj", "{FD73DFFB-74EE-4451-A545-4F641E9F7222}"
EndProject
Project("{FAE04EC0-301F-11D3-BF4B-00C04F79EFBC}") = "MediaManager.WPF", "MediaManager.WPF\MediaManager.WPF.csproj", "{D3EB7F60-D808-4030-95FC-973886F281C9}"
EndProject
Global
	GlobalSection(SolutionConfigurationPlatforms) = preSolution
		Debug|Any CPU = Debug|Any CPU
		Release|Any CPU = Release|Any CPU
	EndGlobalSection
	GlobalSection(ProjectConfigurationPlatforms) = postSolution
		{33AD544F-AE7E-4B6E-A314-58AE683122F1}.Debug|Any CPU.ActiveCfg = Debug|Any CPU
		{33AD544F-AE7E-4B6E-A314-58AE683122F1}.Debug|Any CPU.Build.0 = Debug|Any CPU
		{33AD544F-AE7E-4B6E-A314-58AE683122F1}.Release|Any CPU.ActiveCfg = Release|Any CPU
		{33AD544F-AE7E-4B6E-A314-58AE683122F1}.Release|Any CPU.Build.0 = Release|Any CPU
		{FD73DFFB-74EE-4451-A545-4F641E9F7222}.Debug|Any CPU.ActiveCfg = Debug|Any CPU
		{FD73DFFB-74EE-4451-A545-4F641E9F7222}.Debug|Any CPU.Build.0 = Debug|Any CPU
		{FD73DFFB-74EE-4451-A545-4F641E9F7222}.Release|Any CPU.ActiveCfg = Release|Any CPU
		{FD73DFFB-74EE-4451-A545-4F641E9F7222}.Release|Any CPU.Build.0 = Release|Any CPU
		{D3EB7F60-D808-4030-95FC-973886F281C9}.Debug|Any CPU.ActiveCfg = Debug|Any CPU
		{D3EB7F60-D808-4030-95FC-973886F281C9}.Debug|Any CPU.Build.0 = Debug|Any CPU
		{D3EB7F60-D808-4030-95FC-973886F281C9}.Release|Any CPU.ActiveCfg = Release|Any CPU
		{D3EB7F60-D808-4030-95FC-973886F281C9}.Release|Any CPU.Build.0 = Release|Any CPU
	EndGlobalSection
	GlobalSection(SolutionProperties) = preSolution
		HideSolutionNode = FALSE
	EndGlobalSection
	GlobalSection(ExtensibilityGlobals) = postSolution
		SolutionGuid = {158A5702-F4F4-48D2-B910-DA98213F8FC5}
	EndGlobalSection
EndGlobal
